{
  "name": "standup-duty-community",
  "version": "1.0.0",
  "lockfileVersion": 2,
  "requires": true,
  "packages": {
    "": {
      "name": "standup-duty-community",
      "version": "1.0.0",
      "license": "MIT",
      "dependencies": {
        "chalk": "5.0.0"
      }
    },
    "node_modules/chalk": {
      "version": "5.0.0",
      "license": "MIT",
      "engines": {
        "node": "^12.17.0 || ^14.13 || >=16.0.0"
      },
      "funding": {
        "url": "https://github.com/chalk/chalk?sponsor=1"
      }
    }
  },
  "dependencies": {
    "chalk": {
      "version": "5.0.0"
    }
  }
}
